{
    "version": 3,
    "terraform_version": "0.9.1",
    "serial": 25,
    "lineage": "e185cee1-2c13-4962-b761-d3c0dd7bd442",
    "modules": [
        {
            "path": [
                "root"
            ],
            "outputs": {
                "CPU-iowait-monitor-ID": {
                    "sensitive": false,
                    "type": "string",
                    "value": "1799236"
                },
                "CPU-stolen-monitor-ID": {
                    "sensitive": false,
                    "type": "string",
                    "value": "1799233"
                },
                "CPU-system-monitor-ID": {
                    "sensitive": false,
                    "type": "string",
                    "value": "1799234"
                },
                "CPU-user-monitor-ID": {
                    "sensitive": false,
                    "type": "string",
                    "value": "1799241"
                },
                "DISK-monitor-ID": {
                    "sensitive": false,
                    "type": "string",
                    "value": "1799240"
                },
                "LOAD_AVERAGE_15MINUTES-ID": {
                    "sensitive": false,
                    "type": "string",
                    "value": "1799238"
                },
                "LOAD_AVERAGE_1MINUTES-ID": {
                    "sensitive": false,
                    "type": "string",
                    "value": "1799239"
                },
                "LOAD_AVERAGE_5MINUTES-ID": {
                    "sensitive": false,
                    "type": "string",
                    "value": "1799237"
                },
                "MEMORY-monitor-ID": {
                    "sensitive": false,
                    "type": "string",
                    "value": "1799235"
                },
                "NTP_OFFSET-ID": {
                    "sensitive": false,
                    "type": "string",
                    "value": "1799242"
                },
                "SWAP_MEMORY-ID": {
                    "sensitive": false,
                    "type": "string",
                    "value": "1799232"
                }
            },
            "resources": {
                "datadog_monitor.CPU_iowait": {
                    "type": "datadog_monitor",
                    "depends_on": [],
                    "primary": {
                        "id": "1799236",
                        "attributes": {
                            "escalation_message": "",
                            "id": "1799236",
                            "include_tags": "true",
                            "locked": "false",
                            "message": "Monitor triggered. Notify: @braulio@nclouds.com",
                            "name": "prod CPU iowait",
                            "new_host_delay": "300",
                            "no_data_timeframe": "0",
                            "notify_audit": "false",
                            "notify_no_data": "false",
                            "query": "avg(last_1m):abs( avg:system.cpu.iowait{ prod } by {host}  ) \u003e 90",
                            "renotify_interval": "60",
                            "require_full_window": "true",
                            "silenced.%": "1",
                            "silenced.*": "0",
                            "tags.#": "2",
                            "tags.0": "CPU_IOWAIT",
                            "tags.1": "prod",
                            "thresholds.%": "3",
                            "thresholds.critical": "90.0",
                            "thresholds.ok": "0.0",
                            "thresholds.warning": "70.0",
                            "timeout_h": "60",
                            "type": "query alert"
                        },
                        "meta": {},
                        "tainted": false
                    },
                    "deposed": [],
                    "provider": ""
                },
                "datadog_monitor.CPU_stolen": {
                    "type": "datadog_monitor",
                    "depends_on": [],
                    "primary": {
                        "id": "1799233",
                        "attributes": {
                            "escalation_message": "",
                            "id": "1799233",
                            "include_tags": "true",
                            "locked": "false",
                            "message": "Monitor triggered. Notify: @braulio@nclouds.com",
                            "name": "prod CPU stolen",
                            "new_host_delay": "300",
                            "no_data_timeframe": "0",
                            "notify_audit": "false",
                            "notify_no_data": "false",
                            "query": "avg(last_1m):abs( avg:system.cpu.stolen{ prod } by {host}   ) \u003e 90",
                            "renotify_interval": "60",
                            "require_full_window": "true",
                            "silenced.%": "1",
                            "silenced.*": "0",
                            "tags.#": "2",
                            "tags.0": "CPU_stolen",
                            "tags.1": "prod",
                            "thresholds.%": "3",
                            "thresholds.critical": "90.0",
                            "thresholds.ok": "0.0",
                            "thresholds.warning": "70.0",
                            "timeout_h": "60",
                            "type": "query alert"
                        },
                        "meta": {},
                        "tainted": false
                    },
                    "deposed": [],
                    "provider": ""
                },
                "datadog_monitor.CPU_system": {
                    "type": "datadog_monitor",
                    "depends_on": [],
                    "primary": {
                        "id": "1799234",
                        "attributes": {
                            "escalation_message": "",
                            "id": "1799234",
                            "include_tags": "true",
                            "locked": "false",
                            "message": "Monitor triggered. Notify: @braulio@nclouds.com",
                            "name": "prod CPU system",
                            "new_host_delay": "300",
                            "no_data_timeframe": "0",
                            "notify_audit": "false",
                            "notify_no_data": "false",
                            "query": "avg(last_1m):abs( avg:system.cpu.system{ prod } by {host}    ) \u003e 90",
                            "renotify_interval": "60",
                            "require_full_window": "true",
                            "silenced.%": "1",
                            "silenced.*": "0",
                            "tags.#": "2",
                            "tags.0": "CPU_system",
                            "tags.1": "prod",
                            "thresholds.%": "3",
                            "thresholds.critical": "90.0",
                            "thresholds.ok": "0.0",
                            "thresholds.warning": "70.0",
                            "timeout_h": "60",
                            "type": "query alert"
                        },
                        "meta": {},
                        "tainted": false
                    },
                    "deposed": [],
                    "provider": ""
                },
                "datadog_monitor.CPU_user": {
                    "type": "datadog_monitor",
                    "depends_on": [],
                    "primary": {
                        "id": "1799241",
                        "attributes": {
                            "escalation_message": "",
                            "id": "1799241",
                            "include_tags": "true",
                            "locked": "false",
                            "message": "Monitor triggered. Notify: @braulio@nclouds.com",
                            "name": "prod CPU user",
                            "new_host_delay": "300",
                            "no_data_timeframe": "0",
                            "notify_audit": "false",
                            "notify_no_data": "false",
                            "query": "avg(last_1m):abs( avg:system.cpu.user{ prod } by {host}    ) \u003e 90",
                            "renotify_interval": "60",
                            "require_full_window": "true",
                            "silenced.%": "1",
                            "silenced.*": "0",
                            "tags.#": "2",
                            "tags.0": "CPU_user",
                            "tags.1": "prod",
                            "thresholds.%": "3",
                            "thresholds.critical": "90.0",
                            "thresholds.ok": "0.0",
                            "thresholds.warning": "70.0",
                            "timeout_h": "60",
                            "type": "query alert"
                        },
                        "meta": {},
                        "tainted": false
                    },
                    "deposed": [],
                    "provider": ""
                },
                "datadog_monitor.DISK": {
                    "type": "datadog_monitor",
                    "depends_on": [],
                    "primary": {
                        "id": "1799240",
                        "attributes": {
                            "escalation_message": "",
                            "id": "1799240",
                            "include_tags": "true",
                            "locked": "false",
                            "message": "Monitor triggered. Notify: @braulio@nclouds.com",
                            "name": "prod DISK",
                            "new_host_delay": "300",
                            "no_data_timeframe": "0",
                            "notify_audit": "false",
                            "notify_no_data": "false",
                            "query": "avg(last_1m):abs( avg:system.disk.used{ prod } by {host} / avg:system.disk.total{ prod } by {host} ) \u003e 0.9",
                            "renotify_interval": "60",
                            "require_full_window": "true",
                            "silenced.%": "1",
                            "silenced.*": "0",
                            "tags.#": "2",
                            "tags.0": "DISK",
                            "tags.1": "prod",
                            "thresholds.%": "3",
                            "thresholds.critical": "0.9",
                            "thresholds.ok": "0.0",
                            "thresholds.warning": "0.75",
                            "timeout_h": "60",
                            "type": "query alert"
                        },
                        "meta": {},
                        "tainted": false
                    },
                    "deposed": [],
                    "provider": ""
                },
                "datadog_monitor.LOAD_AVERAGE_15MINUTES": {
                    "type": "datadog_monitor",
                    "depends_on": [],
                    "primary": {
                        "id": "1799238",
                        "attributes": {
                            "escalation_message": "",
                            "id": "1799238",
                            "include_tags": "true",
                            "locked": "false",
                            "message": "Monitor triggered. Notify: @braulio@nclouds.com",
                            "name": "prod LOAD_AVERAGE_15MINUTES",
                            "new_host_delay": "300",
                            "no_data_timeframe": "0",
                            "notify_audit": "false",
                            "notify_no_data": "false",
                            "query": "avg(last_1m):abs( avg:system.load.15{ prod } by {host} ) \u003e 0.9",
                            "renotify_interval": "60",
                            "require_full_window": "true",
                            "silenced.%": "1",
                            "silenced.*": "0",
                            "tags.#": "2",
                            "tags.0": "LOAD_AVERAGE_15MINUTES",
                            "tags.1": "prod",
                            "thresholds.%": "3",
                            "thresholds.critical": "0.9",
                            "thresholds.ok": "0.0",
                            "thresholds.warning": "0.7",
                            "timeout_h": "60",
                            "type": "query alert"
                        },
                        "meta": {},
                        "tainted": false
                    },
                    "deposed": [],
                    "provider": ""
                },
                "datadog_monitor.LOAD_AVERAGE_1MINUTES": {
                    "type": "datadog_monitor",
                    "depends_on": [],
                    "primary": {
                        "id": "1799239",
                        "attributes": {
                            "escalation_message": "",
                            "id": "1799239",
                            "include_tags": "true",
                            "locked": "false",
                            "message": "Monitor triggered. Notify: @braulio@nclouds.com",
                            "name": "prod LOAD_AVERAGE_1MINUTES",
                            "new_host_delay": "300",
                            "no_data_timeframe": "0",
                            "notify_audit": "false",
                            "notify_no_data": "false",
                            "query": "avg(last_1m):abs( avg:system.load.1{ prod } by {host} ) \u003e 0.9",
                            "renotify_interval": "60",
                            "require_full_window": "true",
                            "silenced.%": "1",
                            "silenced.*": "0",
                            "tags.#": "2",
                            "tags.0": "LOAD_AVERAGE_1MINUTES",
                            "tags.1": "prod",
                            "thresholds.%": "3",
                            "thresholds.critical": "0.9",
                            "thresholds.ok": "0.0",
                            "thresholds.warning": "0.7",
                            "timeout_h": "60",
                            "type": "query alert"
                        },
                        "meta": {},
                        "tainted": false
                    },
                    "deposed": [],
                    "provider": ""
                },
                "datadog_monitor.LOAD_AVERAGE_5MINUTES": {
                    "type": "datadog_monitor",
                    "depends_on": [],
                    "primary": {
                        "id": "1799237",
                        "attributes": {
                            "escalation_message": "",
                            "id": "1799237",
                            "include_tags": "true",
                            "locked": "false",
                            "message": "Monitor triggered. Notify: @braulio@nclouds.com",
                            "name": "prod LOAD_AVERAGE_5MINUTES",
                            "new_host_delay": "300",
                            "no_data_timeframe": "0",
                            "notify_audit": "false",
                            "notify_no_data": "false",
                            "query": "avg(last_1m):abs( avg:system.load.5{ prod } by {host} ) \u003e 0.9",
                            "renotify_interval": "60",
                            "require_full_window": "true",
                            "silenced.%": "1",
                            "silenced.*": "0",
                            "tags.#": "2",
                            "tags.0": "LOAD_AVERAGE_5MINUTES",
                            "tags.1": "prod",
                            "thresholds.%": "3",
                            "thresholds.critical": "0.9",
                            "thresholds.ok": "0.0",
                            "thresholds.warning": "0.7",
                            "timeout_h": "60",
                            "type": "query alert"
                        },
                        "meta": {},
                        "tainted": false
                    },
                    "deposed": [],
                    "provider": ""
                },
                "datadog_monitor.MEMORY": {
                    "type": "datadog_monitor",
                    "depends_on": [],
                    "primary": {
                        "id": "1799235",
                        "attributes": {
                            "escalation_message": "",
                            "id": "1799235",
                            "include_tags": "true",
                            "locked": "false",
                            "message": "Monitor triggered. Notify: @braulio@nclouds.com",
                            "name": "prod MEMORY",
                            "new_host_delay": "300",
                            "no_data_timeframe": "0",
                            "notify_audit": "false",
                            "notify_no_data": "true",
                            "query": "avg(last_1m):abs(avg:system.mem.used{ prod } by {host} / avg:system.mem.total{ prod } by {host}) \u003e 0.9",
                            "renotify_interval": "60",
                            "require_full_window": "true",
                            "silenced.%": "1",
                            "silenced.*": "0",
                            "tags.#": "2",
                            "tags.0": "MEMORY",
                            "tags.1": "prod",
                            "thresholds.%": "3",
                            "thresholds.critical": "0.9",
                            "thresholds.ok": "0.0",
                            "thresholds.warning": "0.8",
                            "timeout_h": "60",
                            "type": "query alert"
                        },
                        "meta": {},
                        "tainted": false
                    },
                    "deposed": [],
                    "provider": ""
                },
                "datadog_monitor.NTP_OFFSET": {
                    "type": "datadog_monitor",
                    "depends_on": [],
                    "primary": {
                        "id": "1799242",
                        "attributes": {
                            "escalation_message": "",
                            "id": "1799242",
                            "include_tags": "true",
                            "locked": "false",
                            "message": "Monitor triggered. Notify: @braulio@nclouds.com",
                            "name": "prod NTP OFFSET",
                            "new_host_delay": "300",
                            "no_data_timeframe": "0",
                            "notify_audit": "false",
                            "notify_no_data": "false",
                            "query": "avg(last_1m):abs( avg:ntp.offset{ prod } by {host} ) \u003e 300",
                            "renotify_interval": "60",
                            "require_full_window": "true",
                            "silenced.%": "1",
                            "silenced.*": "0",
                            "tags.#": "2",
                            "tags.0": "NTP OFFSET",
                            "tags.1": "prod",
                            "thresholds.%": "3",
                            "thresholds.critical": "300.0",
                            "thresholds.ok": "0.0",
                            "thresholds.warning": "150.0",
                            "timeout_h": "60",
                            "type": "query alert"
                        },
                        "meta": {},
                        "tainted": false
                    },
                    "deposed": [],
                    "provider": ""
                },
                "datadog_monitor.SWAP_MEMORY": {
                    "type": "datadog_monitor",
                    "depends_on": [],
                    "primary": {
                        "id": "1799232",
                        "attributes": {
                            "escalation_message": "",
                            "id": "1799232",
                            "include_tags": "true",
                            "locked": "false",
                            "message": "Monitor triggered. Notify: @braulio@nclouds.com",
                            "name": "prod SWAP MEMORY",
                            "new_host_delay": "300",
                            "no_data_timeframe": "0",
                            "notify_audit": "false",
                            "notify_no_data": "false",
                            "query": "avg(last_1m):abs( avg:system.swap.used{ prod } by {host} / avg:system.swap.total{ prod } by {host} ) \u003e 0.9",
                            "renotify_interval": "60",
                            "require_full_window": "true",
                            "silenced.%": "1",
                            "silenced.*": "0",
                            "tags.#": "2",
                            "tags.0": "SWAP MEMORY",
                            "tags.1": "prod",
                            "thresholds.%": "3",
                            "thresholds.critical": "0.9",
                            "thresholds.ok": "0.0",
                            "thresholds.warning": "0.75",
                            "timeout_h": "60",
                            "type": "query alert"
                        },
                        "meta": {},
                        "tainted": false
                    },
                    "deposed": [],
                    "provider": ""
                }
            },
            "depends_on": []
        }
    ]
}
